// !$*UTF8*$!
{
	archiveVersion = 1;
	classes = {
	};
	objectVersion = 56;
	objects = {

/* Begin PBXBuildFile section */
		EB462B2B2A8354B8004F1B48 /* UserDefaults.swift in Sources */ = {isa = PBXBuildFile; fileRef = EB462B2A2A8354B8004F1B48 /* UserDefaults.swift */; };
		EB92F5F62A8201B700EAAB00 /* SnapKit in Frameworks */ = {isa = PBXBuildFile; productRef = EB92F5F52A8201B700EAAB00 /* SnapKit */; };
		EB92F5F92A8203A800EAAB00 /* DelaGothicOne-Regular.ttf in Resources */ = {isa = PBXBuildFile; fileRef = EB92F5F82A8203A800EAAB00 /* DelaGothicOne-Regular.ttf */; };
		EB92F6032A822C6100EAAB00 /* fire.mp3 in Resources */ = {isa = PBXBuildFile; fileRef = EB92F6022A822C6100EAAB00 /* fire.mp3 */; };
		EB92F6052A8235EA00EAAB00 /* boom.mp3 in Resources */ = {isa = PBXBuildFile; fileRef = EB92F6042A8235EA00EAAB00 /* boom.mp3 */; };
		EBA5FF262A827C3B009AF00A /* ExerciseModel.swift in Sources */ = {isa = PBXBuildFile; fileRef = EBA5FF252A827C3B009AF00A /* ExerciseModel.swift */; };
		EBAECC4B2A876FBF0020D6F1 /* backMusic.mp3 in Resources */ = {isa = PBXBuildFile; fileRef = EBAECC4A2A876FBF0020D6F1 /* backMusic.mp3 */; };
		F40218B02A8881B60026B627 /* CustomCell.swift in Sources */ = {isa = PBXBuildFile; fileRef = F40218AF2A8881B60026B627 /* CustomCell.swift */; };
		F40218B22A8882CD0026B627 /* CategoryModel.swift in Sources */ = {isa = PBXBuildFile; fileRef = F40218B12A8882CD0026B627 /* CategoryModel.swift */; };
		F45E4D4F2A9511E400882C46 /* CustomCollectionView.swift in Sources */ = {isa = PBXBuildFile; fileRef = F45E4D4E2A9511E400882C46 /* CustomCollectionView.swift */; };
		F468EF252A812E2A000157FA /* AppDelegate.swift in Sources */ = {isa = PBXBuildFile; fileRef = F468EF242A812E2A000157FA /* AppDelegate.swift */; };
		F468EF2E2A812E2C000157FA /* Assets.xcassets in Resources */ = {isa = PBXBuildFile; fileRef = F468EF2D2A812E2C000157FA /* Assets.xcassets */; };
		F468EF3B2A815E1B000157FA /* HelpView.swift in Sources */ = {isa = PBXBuildFile; fileRef = F468EF3A2A815E1B000157FA /* HelpView.swift */; };
		F468EF3D2A815ECA000157FA /* CategoryViewController.swift in Sources */ = {isa = PBXBuildFile; fileRef = F468EF3C2A815ECA000157FA /* CategoryViewController.swift */; };
		F468EF462A8186FF000157FA /* MainViewController.swift in Sources */ = {isa = PBXBuildFile; fileRef = F468EF452A8186FF000157FA /* MainViewController.swift */; };
		F468EF482A8187AC000157FA /* GameViewController.swift in Sources */ = {isa = PBXBuildFile; fileRef = F468EF472A8187AC000157FA /* GameViewController.swift */; };
		F468EF4A2A818810000157FA /* HelpViewController.swift in Sources */ = {isa = PBXBuildFile; fileRef = F468EF492A818810000157FA /* HelpViewController.swift */; };
		F4EF61072AD84CD300E8265B /* Label Extension.swift in Sources */ = {isa = PBXBuildFile; fileRef = F4EF61062AD84CD300E8265B /* Label Extension.swift */; };
		F4EF61092AD84CDF00E8265B /* Button Extension.swift in Sources */ = {isa = PBXBuildFile; fileRef = F4EF61082AD84CDF00E8265B /* Button Extension.swift */; };
		F4EF610B2AD874F700E8265B /* Color Extension.swift in Sources */ = {isa = PBXBuildFile; fileRef = F4EF610A2AD874F700E8265B /* Color Extension.swift */; };
		F4EF610D2AE0328E00E8265B /* SecondBackground.swift in Sources */ = {isa = PBXBuildFile; fileRef = F4EF610C2AE0328E00E8265B /* SecondBackground.swift */; };
/* End PBXBuildFile section */

/* Begin PBXFileReference section */
		EB462B2A2A8354B8004F1B48 /* UserDefaults.swift */ = {isa = PBXFileReference; lastKnownFileType = sourcecode.swift; path = UserDefaults.swift; sourceTree = "<group>"; };
		EB92F5F82A8203A800EAAB00 /* DelaGothicOne-Regular.ttf */ = {isa = PBXFileReference; lastKnownFileType = file; path = "DelaGothicOne-Regular.ttf"; sourceTree = "<group>"; };
		EB92F6022A822C6100EAAB00 /* fire.mp3 */ = {isa = PBXFileReference; lastKnownFileType = audio.mp3; path = fire.mp3; sourceTree = "<group>"; };
		EB92F6042A8235EA00EAAB00 /* boom.mp3 */ = {isa = PBXFileReference; lastKnownFileType = audio.mp3; path = boom.mp3; sourceTree = "<group>"; };
		EBA5FF252A827C3B009AF00A /* ExerciseModel.swift */ = {isa = PBXFileReference; lastKnownFileType = sourcecode.swift; name = ExerciseModel.swift; path = "Knock out!/Controller/ExerciseModel.swift"; sourceTree = SOURCE_ROOT; };
		EBAECC4A2A876FBF0020D6F1 /* backMusic.mp3 */ = {isa = PBXFileReference; lastKnownFileType = audio.mp3; path = backMusic.mp3; sourceTree = "<group>"; };
		F40218AF2A8881B60026B627 /* CustomCell.swift */ = {isa = PBXFileReference; lastKnownFileType = sourcecode.swift; path = CustomCell.swift; sourceTree = "<group>"; };
		F40218B12A8882CD0026B627 /* CategoryModel.swift */ = {isa = PBXFileReference; lastKnownFileType = sourcecode.swift; path = CategoryModel.swift; sourceTree = "<group>"; };
		F45E4D4E2A9511E400882C46 /* CustomCollectionView.swift */ = {isa = PBXFileReference; lastKnownFileType = sourcecode.swift; path = CustomCollectionView.swift; sourceTree = "<group>"; };
		F468EF212A812E2A000157FA /* Knock out!.app */ = {isa = PBXFileReference; explicitFileType = wrapper.application; includeInIndex = 0; path = "Knock out!.app"; sourceTree = BUILT_PRODUCTS_DIR; };
		F468EF242A812E2A000157FA /* AppDelegate.swift */ = {isa = PBXFileReference; lastKnownFileType = sourcecode.swift; path = AppDelegate.swift; sourceTree = "<group>"; };
		F468EF2D2A812E2C000157FA /* Assets.xcassets */ = {isa = PBXFileReference; lastKnownFileType = folder.assetcatalog; path = Assets.xcassets; sourceTree = "<group>"; };
		F468EF322A812E2C000157FA /* Info.plist */ = {isa = PBXFileReference; lastKnownFileType = text.plist.xml; path = Info.plist; sourceTree = "<group>"; };
		F468EF3A2A815E1B000157FA /* HelpView.swift */ = {isa = PBXFileReference; lastKnownFileType = sourcecode.swift; path = HelpView.swift; sourceTree = "<group>"; };
		F468EF3C2A815ECA000157FA /* CategoryViewController.swift */ = {isa = PBXFileReference; lastKnownFileType = sourcecode.swift; path = CategoryViewController.swift; sourceTree = "<group>"; };
		F468EF452A8186FF000157FA /* MainViewController.swift */ = {isa = PBXFileReference; lastKnownFileType = sourcecode.swift; path = MainViewController.swift; sourceTree = "<group>"; };
		F468EF472A8187AC000157FA /* GameViewController.swift */ = {isa = PBXFileReference; lastKnownFileType = sourcecode.swift; path = GameViewController.swift; sourceTree = "<group>"; };
		F468EF492A818810000157FA /* HelpViewController.swift */ = {isa = PBXFileReference; lastKnownFileType = sourcecode.swift; path = HelpViewController.swift; sourceTree = "<group>"; };
		F4EF61062AD84CD300E8265B /* Label Extension.swift */ = {isa = PBXFileReference; lastKnownFileType = sourcecode.swift; path = "Label Extension.swift"; sourceTree = "<group>"; };
		F4EF61082AD84CDF00E8265B /* Button Extension.swift */ = {isa = PBXFileReference; lastKnownFileType = sourcecode.swift; path = "Button Extension.swift"; sourceTree = "<group>"; };
		F4EF610A2AD874F700E8265B /* Color Extension.swift */ = {isa = PBXFileReference; lastKnownFileType = sourcecode.swift; path = "Color Extension.swift"; sourceTree = "<group>"; };
		F4EF610C2AE0328E00E8265B /* SecondBackground.swift */ = {isa = PBXFileReference; lastKnownFileType = sourcecode.swift; path = SecondBackground.swift; sourceTree = "<group>"; };
/* End PBXFileReference section */

/* Begin PBXFrameworksBuildPhase section */
		F468EF1E2A812E2A000157FA /* Frameworks */ = {
			isa = PBXFrameworksBuildPhase;
			buildActionMask = 2147483647;
			files = (
				EB92F5F62A8201B700EAAB00 /* SnapKit in Frameworks */,
			);
			runOnlyForDeploymentPostprocessing = 0;
		};
/* End PBXFrameworksBuildPhase section */

/* Begin PBXGroup section */
		EB462B292A835499004F1B48 /* UserDefaults */ = {
			isa = PBXGroup;
			children = (
				EB462B2A2A8354B8004F1B48 /* UserDefaults.swift */,
			);
			path = UserDefaults;
			sourceTree = "<group>";
		};
		EB92F5F72A82039600EAAB00 /* Fonts */ = {
			isa = PBXGroup;
			children = (
				EB92F5F82A8203A800EAAB00 /* DelaGothicOne-Regular.ttf */,
			);
			path = Fonts;
			sourceTree = "<group>";
		};
		EB92F5FD2A820DA600EAAB00 /* Resourses */ = {
			isa = PBXGroup;
			children = (
				EBAECC4A2A876FBF0020D6F1 /* backMusic.mp3 */,
				EB92F6022A822C6100EAAB00 /* fire.mp3 */,
				EB92F6042A8235EA00EAAB00 /* boom.mp3 */,
			);
			path = Resourses;
			sourceTree = "<group>";
		};
		F468EF182A812E2A000157FA = {
			isa = PBXGroup;
			children = (
				F468EF232A812E2A000157FA /* Knock out! */,
				F468EF222A812E2A000157FA /* Products */,
			);
			sourceTree = "<group>";
		};
		F468EF222A812E2A000157FA /* Products */ = {
			isa = PBXGroup;
			children = (
				F468EF212A812E2A000157FA /* Knock out!.app */,
			);
			name = Products;
			sourceTree = "<group>";
		};
		F468EF232A812E2A000157FA /* Knock out! */ = {
			isa = PBXGroup;
			children = (
				F468EF242A812E2A000157FA /* AppDelegate.swift */,
				F468EF402A81607B000157FA /* Model */,
				F468EF3F2A815F2D000157FA /* View */,
				F468EF3E2A815EE8000157FA /* Controller */,
				EB92F5F72A82039600EAAB00 /* Fonts */,
				EB92F5FD2A820DA600EAAB00 /* Resourses */,
				F4EF61052AD84CBA00E8265B /* Extensions */,
				EB462B292A835499004F1B48 /* UserDefaults */,
				F468EF2D2A812E2C000157FA /* Assets.xcassets */,
				F468EF322A812E2C000157FA /* Info.plist */,
			);
			path = "Knock out!";
			sourceTree = "<group>";
		};
		F468EF3E2A815EE8000157FA /* Controller */ = {
			isa = PBXGroup;
			children = (
				F468EF452A8186FF000157FA /* MainViewController.swift */,
				F468EF3C2A815ECA000157FA /* CategoryViewController.swift */,
				F468EF472A8187AC000157FA /* GameViewController.swift */,
				F468EF492A818810000157FA /* HelpViewController.swift */,
			);
			path = Controller;
			sourceTree = "<group>";
		};
		F468EF3F2A815F2D000157FA /* View */ = {
			isa = PBXGroup;
			children = (
				F468EF3A2A815E1B000157FA /* HelpView.swift */,
			);
			path = View;
			sourceTree = "<group>";
		};
		F468EF402A81607B000157FA /* Model */ = {
			isa = PBXGroup;
			children = (
				EBA5FF252A827C3B009AF00A /* ExerciseModel.swift */,
				F40218B12A8882CD0026B627 /* CategoryModel.swift */,
				F40218AF2A8881B60026B627 /* CustomCell.swift */,
				F45E4D4E2A9511E400882C46 /* CustomCollectionView.swift */,
				F4EF610C2AE0328E00E8265B /* SecondBackground.swift */,
			);
			path = Model;
			sourceTree = "<group>";
		};
		F4EF61052AD84CBA00E8265B /* Extensions */ = {
			isa = PBXGroup;
			children = (
				F4EF61062AD84CD300E8265B /* Label Extension.swift */,
				F4EF61082AD84CDF00E8265B /* Button Extension.swift */,
				F4EF610A2AD874F700E8265B /* Color Extension.swift */,
			);
			path = Extensions;
			sourceTree = "<group>";
		};
/* End PBXGroup section */

/* Begin PBXNativeTarget section */
		F468EF202A812E2A000157FA /* Knock out! */ = {
			isa = PBXNativeTarget;
			buildConfigurationList = F468EF352A812E2C000157FA /* Build configuration list for PBXNativeTarget "Knock out!" */;
			buildPhases = (
				F468EF1D2A812E2A000157FA /* Sources */,
				F468EF1E2A812E2A000157FA /* Frameworks */,
				F468EF1F2A812E2A000157FA /* Resources */,
			);
			buildRules = (
			);
			dependencies = (
			);
			name = "Knock out!";
			packageProductDependencies = (
				EB92F5F52A8201B700EAAB00 /* SnapKit */,
			);
			productName = "Knock out!";
			productReference = F468EF212A812E2A000157FA /* Knock out!.app */;
			productType = "com.apple.product-type.application";
		};
/* End PBXNativeTarget section */

/* Begin PBXProject section */
		F468EF192A812E2A000157FA /* Project object */ = {
			isa = PBXProject;
			attributes = {
				BuildIndependentTargetsInParallel = 1;
				LastSwiftUpdateCheck = 1430;
				LastUpgradeCheck = 1430;
				TargetAttributes = {
					F468EF202A812E2A000157FA = {
						CreatedOnToolsVersion = 14.3.1;
					};
				};
			};
			buildConfigurationList = F468EF1C2A812E2A000157FA /* Build configuration list for PBXProject "Knock out!" */;
			compatibilityVersion = "Xcode 14.0";
			developmentRegion = en;
			hasScannedForEncodings = 0;
			knownRegions = (
				en,
				Base,
			);
			mainGroup = F468EF182A812E2A000157FA;
			packageReferences = (
				EB92F5F42A8201B700EAAB00 /* XCRemoteSwiftPackageReference "SnapKit" */,
			);
			productRefGroup = F468EF222A812E2A000157FA /* Products */;
			projectDirPath = "";
			projectRoot = "";
			targets = (
				F468EF202A812E2A000157FA /* Knock out! */,
			);
		};
/* End PBXProject section */

/* Begin PBXResourcesBuildPhase section */
		F468EF1F2A812E2A000157FA /* Resources */ = {
			isa = PBXResourcesBuildPhase;
			buildActionMask = 2147483647;
			files = (
				EB92F6032A822C6100EAAB00 /* fire.mp3 in Resources */,
				EBAECC4B2A876FBF0020D6F1 /* backMusic.mp3 in Resources */,
				EB92F6052A8235EA00EAAB00 /* boom.mp3 in Resources */,
				F468EF2E2A812E2C000157FA /* Assets.xcassets in Resources */,
				EB92F5F92A8203A800EAAB00 /* DelaGothicOne-Regular.ttf in Resources */,
			);
			runOnlyForDeploymentPostprocessing = 0;
		};
/* End PBXResourcesBuildPhase section */

/* Begin PBXSourcesBuildPhase section */
		F468EF1D2A812E2A000157FA /* Sources */ = {
			isa = PBXSourcesBuildPhase;
			buildActionMask = 2147483647;
			files = (
				F468EF3D2A815ECA000157FA /* CategoryViewController.swift in Sources */,
				F40218B22A8882CD0026B627 /* CategoryModel.swift in Sources */,
				EB462B2B2A8354B8004F1B48 /* UserDefaults.swift in Sources */,
				F468EF252A812E2A000157FA /* AppDelegate.swift in Sources */,
				F468EF3B2A815E1B000157FA /* HelpView.swift in Sources */,
				F468EF482A8187AC000157FA /* GameViewController.swift in Sources */,
				F4EF61072AD84CD300E8265B /* Label Extension.swift in Sources */,
				F45E4D4F2A9511E400882C46 /* CustomCollectionView.swift in Sources */,
				F4EF61092AD84CDF00E8265B /* Button Extension.swift in Sources */,
				F4EF610D2AE0328E00E8265B /* SecondBackground.swift in Sources */,
				F468EF462A8186FF000157FA /* MainViewController.swift in Sources */,
				F40218B02A8881B60026B627 /* CustomCell.swift in Sources */,
				F468EF4A2A818810000157FA /* HelpViewController.swift in Sources */,
				EBA5FF262A827C3B009AF00A /* ExerciseModel.swift in Sources */,
				F4EF610B2AD874F700E8265B /* Color Extension.swift in Sources */,
			);
			runOnlyForDeploymentPostprocessing = 0;
		};
/* End PBXSourcesBuildPhase section */

/* Begin XCBuildConfiguration section */
		F468EF332A812E2C000157FA /* Debug */ = {
			isa = XCBuildConfiguration;
			buildSettings = {
				ALWAYS_SEARCH_USER_PATHS = NO;
				CLANG_ANALYZER_NONNULL = YES;
				CLANG_ANALYZER_NUMBER_OBJECT_CONVERSION = YES_AGGRESSIVE;
				CLANG_CXX_LANGUAGE_STANDARD = "gnu++20";
				CLANG_ENABLE_MODULES = YES;
				CLANG_ENABLE_OBJC_ARC = YES;
				CLANG_ENABLE_OBJC_WEAK = YES;
				CLANG_WARN_BLOCK_CAPTURE_AUTORELEASING = YES;
				CLANG_WARN_BOOL_CONVERSION = YES;
				CLANG_WARN_COMMA = YES;
				CLANG_WARN_CONSTANT_CONVERSION = YES;
				CLANG_WARN_DEPRECATED_OBJC_IMPLEMENTATIONS = YES;
				CLANG_WARN_DIRECT_OBJC_ISA_USAGE = YES_ERROR;
				CLANG_WARN_DOCUMENTATION_COMMENTS = YES;
				CLANG_WARN_EMPTY_BODY = YES;
				CLANG_WARN_ENUM_CONVERSION = YES;
				CLANG_WARN_INFINITE_RECURSION = YES;
				CLANG_WARN_INT_CONVERSION = YES;
				CLANG_WARN_NON_LITERAL_NULL_CONVERSION = YES;
				CLANG_WARN_OBJC_IMPLICIT_RETAIN_SELF = YES;
				CLANG_WARN_OBJC_LITERAL_CONVERSION = YES;
				CLANG_WARN_OBJC_ROOT_CLASS = YES_ERROR;
				CLANG_WARN_QUOTED_INCLUDE_IN_FRAMEWORK_HEADER = YES;
				CLANG_WARN_RANGE_LOOP_ANALYSIS = YES;
				CLANG_WARN_STRICT_PROTOTYPES = YES;
				CLANG_WARN_SUSPICIOUS_MOVE = YES;
				CLANG_WARN_UNGUARDED_AVAILABILITY = YES_AGGRESSIVE;
				CLANG_WARN_UNREACHABLE_CODE = YES;
				CLANG_WARN__DUPLICATE_METHOD_MATCH = YES;
				COPY_PHASE_STRIP = NO;
				DEBUG_INFORMATION_FORMAT = dwarf;
				ENABLE_STRICT_OBJC_MSGSEND = YES;
				ENABLE_TESTABILITY = YES;
				GCC_C_LANGUAGE_STANDARD = gnu11;
				GCC_DYNAMIC_NO_PIC = NO;
				GCC_NO_COMMON_BLOCKS = YES;
				GCC_OPTIMIZATION_LEVEL = 0;
				GCC_PREPROCESSOR_DEFINITIONS = (
					"DEBUG=1",
					"$(inherited)",
				);
				GCC_WARN_64_TO_32_BIT_CONVERSION = YES;
				GCC_WARN_ABOUT_RETURN_TYPE = YES_ERROR;
				GCC_WARN_UNDECLARED_SELECTOR = YES;
				GCC_WARN_UNINITIALIZED_AUTOS = YES_AGGRESSIVE;
				GCC_WARN_UNUSED_FUNCTION = YES;
				GCC_WARN_UNUSED_VARIABLE = YES;
				IPHONEOS_DEPLOYMENT_TARGET = 16.4;
				MTL_ENABLE_DEBUG_INFO = INCLUDE_SOURCE;
				MTL_FAST_MATH = YES;
				ONLY_ACTIVE_ARCH = YES;
				SDKROOT = iphoneos;
				SWIFT_ACTIVE_COMPILATION_CONDITIONS = DEBUG;
				SWIFT_OPTIMIZATION_LEVEL = "-Onone";
			};
			name = Debug;
		};
		F468EF342A812E2C000157FA /* Release */ = {
			isa = XCBuildConfiguration;
			buildSettings = {
				ALWAYS_SEARCH_USER_PATHS = NO;
				CLANG_ANALYZER_NONNULL = YES;
				CLANG_ANALYZER_NUMBER_OBJECT_CONVERSION = YES_AGGRESSIVE;
				CLANG_CXX_LANGUAGE_STANDARD = "gnu++20";
				CLANG_ENABLE_MODULES = YES;
				CLANG_ENABLE_OBJC_ARC = YES;
				CLANG_ENABLE_OBJC_WEAK = YES;
				CLANG_WARN_BLOCK_CAPTURE_AUTORELEASING = YES;
				CLANG_WARN_BOOL_CONVERSION = YES;
				CLANG_WARN_COMMA = YES;
				CLANG_WARN_CONSTANT_CONVERSION = YES;
				CLANG_WARN_DEPRECATED_OBJC_IMPLEMENTATIONS = YES;
				CLANG_WARN_DIRECT_OBJC_ISA_USAGE = YES_ERROR;
				CLANG_WARN_DOCUMENTATION_COMMENTS = YES;
				CLANG_WARN_EMPTY_BODY = YES;
				CLANG_WARN_ENUM_CONVERSION = YES;
				CLANG_WARN_INFINITE_RECURSION = YES;
				CLANG_WARN_INT_CONVERSION = YES;
				CLANG_WARN_NON_LITERAL_NULL_CONVERSION = YES;
				CLANG_WARN_OBJC_IMPLICIT_RETAIN_SELF = YES;
				CLANG_WARN_OBJC_LITERAL_CONVERSION = YES;
				CLANG_WARN_OBJC_ROOT_CLASS = YES_ERROR;
				CLANG_WARN_QUOTED_INCLUDE_IN_FRAMEWORK_HEADER = YES;
				CLANG_WARN_RANGE_LOOP_ANALYSIS = YES;
				CLANG_WARN_STRICT_PROTOTYPES = YES;
				CLANG_WARN_SUSPICIOUS_MOVE = YES;
				CLANG_WARN_UNGUARDED_AVAILABILITY = YES_AGGRESSIVE;
				CLANG_WARN_UNREACHABLE_CODE = YES;
				CLANG_WARN__DUPLICATE_METHOD_MATCH = YES;
				COPY_PHASE_STRIP = NO;
				DEBUG_INFORMATION_FORMAT = "dwarf-with-dsym";
				ENABLE_NS_ASSERTIONS = NO;
				ENABLE_STRICT_OBJC_MSGSEND = YES;
				GCC_C_LANGUAGE_STANDARD = gnu11;
				GCC_NO_COMMON_BLOCKS = YES;
				GCC_WARN_64_TO_32_BIT_CONVERSION = YES;
				GCC_WARN_ABOUT_RETURN_TYPE = YES_ERROR;
				GCC_WARN_UNDECLARED_SELECTOR = YES;
				GCC_WARN_UNINITIALIZED_AUTOS = YES_AGGRESSIVE;
				GCC_WARN_UNUSED_FUNCTION = YES;
				GCC_WARN_UNUSED_VARIABLE = YES;
				IPHONEOS_DEPLOYMENT_TARGET = 16.4;
				MTL_ENABLE_DEBUG_INFO = NO;
				MTL_FAST_MATH = YES;
				SDKROOT = iphoneos;
				SWIFT_COMPILATION_MODE = wholemodule;
				SWIFT_OPTIMIZATION_LEVEL = "-O";
				VALIDATE_PRODUCT = YES;
			};
			name = Release;
		};
		F468EF362A812E2C000157FA /* Debug */ = {
			isa = XCBuildConfiguration;
			buildSettings = {
				ASSETCATALOG_COMPILER_APPICON_NAME = AppIcon;
				ASSETCATALOG_COMPILER_GLOBAL_ACCENT_COLOR_NAME = AccentColor;
				CODE_SIGN_STYLE = Automatic;
				CURRENT_PROJECT_VERSION = 1;
				DEVELOPMENT_TEAM = 87P7GYW9VY;
				GENERATE_INFOPLIST_FILE = YES;
				INFOPLIST_FILE = "Knock out!/Info.plist";
				INFOPLIST_KEY_LSApplicationCategoryType = "public.app-category.games";
				INFOPLIST_KEY_UIApplicationSupportsIndirectInputEvents = YES;
				INFOPLIST_KEY_UILaunchStoryboardName = LaunchScreen;
				INFOPLIST_KEY_UISupportedInterfaceOrientations = UIInterfaceOrientationPortrait;
				INFOPLIST_KEY_UISupportedInterfaceOrientations_iPad = "UIInterfaceOrientationLandscapeLeft UIInterfaceOrientationLandscapeRight UIInterfaceOrientationPortrait UIInterfaceOrientationPortraitUpsideDown";
				IPHONEOS_DEPLOYMENT_TARGET = 15.0;
				LD_RUNPATH_SEARCH_PATHS = (
					"$(inherited)",
					"@executable_path/Frameworks",
				);
				MARKETING_VERSION = 1.0;
				PRODUCT_BUNDLE_IDENTIFIER = "Swift-Marathon-Challenge-1.Knock-out-";
				PRODUCT_NAME = "$(TARGET_NAME)";
				SUPPORTED_PLATFORMS = "iphoneos iphonesimulator";
				SUPPORTS_MACCATALYST = NO;
				SUPPORTS_MAC_DESIGNED_FOR_IPHONE_IPAD = NO;
				SWIFT_EMIT_LOC_STRINGS = YES;
				SWIFT_VERSION = 5.0;
				TARGETED_DEVICE_FAMILY = 1;
			};
			name = Debug;
		};
		F468EF372A812E2C000157FA /* Release */ = {
			isa = XCBuildConfiguration;
			buildSettings = {
				ASSETCATALOG_COMPILER_APPICON_NAME = AppIcon;
				ASSETCATALOG_COMPILER_GLOBAL_ACCENT_COLOR_NAME = AccentColor;
				CODE_SIGN_STYLE = Automatic;
				CURRENT_PROJECT_VERSION = 1;
				DEVELOPMENT_TEAM = 87P7GYW9VY;
				GENERATE_INFOPLIST_FILE = YES;
				INFOPLIST_FILE = "Knock out!/Info.plist";
				INFOPLIST_KEY_LSApplicationCategoryType = "public.app-category.games";
				INFOPLIST_KEY_UIApplicationSupportsIndirectInputEvents = YES;
				INFOPLIST_KEY_UILaunchStoryboardName = LaunchScreen;
				INFOPLIST_KEY_UISupportedInterfaceOrientations = UIInterfaceOrientationPortrait;
				INFOPLIST_KEY_UISupportedInterfaceOrientations_iPad = "UIInterfaceOrientationLandscapeLeft UIInterfaceOrientationLandscapeRight UIInterfaceOrientationPortrait UIInterfaceOrientationPortraitUpsideDown";
				IPHONEOS_DEPLOYMENT_TARGET = 15.0;
				LD_RUNPATH_SEARCH_PATHS = (
					"$(inherited)",
					"@executable_path/Frameworks",
				);
				MARKETING_VERSION = 1.0;
				PRODUCT_BUNDLE_IDENTIFIER = "Swift-Marathon-Challenge-1.Knock-out-";
				PRODUCT_NAME = "$(TARGET_NAME)";
				SUPPORTED_PLATFORMS = "iphoneos iphonesimulator";
				SUPPORTS_MACCATALYST = NO;
				SUPPORTS_MAC_DESIGNED_FOR_IPHONE_IPAD = NO;
				SWIFT_EMIT_LOC_STRINGS = YES;
				SWIFT_VERSION = 5.0;
				TARGETED_DEVICE_FAMILY = 1;
			};
			name = Release;
		};
/* End XCBuildConfiguration section */

/* Begin XCConfigurationList section */
		F468EF1C2A812E2A000157FA /* Build configuration list for PBXProject "Knock out!" */ = {
			isa = XCConfigurationList;
			buildConfigurations = (
				F468EF332A812E2C000157FA /* Debug */,
				F468EF342A812E2C000157FA /* Release */,
			);
			defaultConfigurationIsVisible = 0;
			defaultConfigurationName = Release;
		};
		F468EF352A812E2C000157FA /* Build configuration list for PBXNativeTarget "Knock out!" */ = {
			isa = XCConfigurationList;
			buildConfigurations = (
				F468EF362A812E2C000157FA /* Debug */,
				F468EF372A812E2C000157FA /* Release */,
			);
			defaultConfigurationIsVisible = 0;
			defaultConfigurationName = Release;
		};
/* End XCConfigurationList section */

/* Begin XCRemoteSwiftPackageReference section */
		EB92F5F42A8201B700EAAB00 /* XCRemoteSwiftPackageReference "SnapKit" */ = {
			isa = XCRemoteSwiftPackageReference;
			repositoryURL = "https://github.com/SnapKit/SnapKit";
			requirement = {
				kind = upToNextMajorVersion;
				minimumVersion = 5.0.0;
			};
		};
/* End XCRemoteSwiftPackageReference section */

/* Begin XCSwiftPackageProductDependency section */
		EB92F5F52A8201B700EAAB00 /* SnapKit */ = {
			isa = XCSwiftPackageProductDependency;
			package = EB92F5F42A8201B700EAAB00 /* XCRemoteSwiftPackageReference "SnapKit" */;
			productName = SnapKit;
		};
/* End XCSwiftPackageProductDependency section */
	};
	rootObject = F468EF192A812E2A000157FA /* Project object */;
}
